
Microsoft Visual Studio Solution File, Format Version 12.00
# Visual Studio Version 17
VisualStudioVersion = 17.7.34221.43
MinimumVisualStudioVersion = 10.0.40219.1
Project("{9A19103F-16F7-4668-BE54-9A1E7A4F7556}") = "IntelioAPI", "IntelioAPI\IntelioAPI.csproj", "{A2E544B9-3D30-4047-85F9-C42943CA3418}"
EndProject
Global
	GlobalSection(SolutionConfigurationPlatforms) = preSolution
		Debug|Any CPU = Debug|Any CPU
		Release|Any CPU = Release|Any CPU
	EndGlobalSection
	GlobalSection(ProjectConfigurationPlatforms) = postSolution
		{A2E544B9-3D30-4047-85F9-C42943CA3418}.Debug|Any CPU.ActiveCfg = Debug|Any CPU
		{A2E544B9-3D30-4047-85F9-C42943CA3418}.Debug|Any CPU.Build.0 = Debug|Any CPU
		{A2E544B9-3D30-4047-85F9-C42943CA3418}.Release|Any CPU.ActiveCfg = Release|Any CPU
		{A2E544B9-3D30-4047-85F9-C42943CA3418}.Release|Any CPU.Build.0 = Release|Any CPU
	EndGlobalSection
	GlobalSection(SolutionProperties) = preSolution
		HideSolutionNode = FALSE
	EndGlobalSection
	GlobalSection(ExtensibilityGlobals) = postSolution
		SolutionGuid = {339E6F63-4072-4618-BFF2-C8883F3D42E9}
	EndGlobalSection
EndGlobal
